
Microsoft Visual Studio Solution File, Format Version 12.00
# Visual Studio Version 17
VisualStudioVersion = 17.8.34601.278
MinimumVisualStudioVersion = 10.0.40219.1
Project("{FAE04EC0-301F-11D3-BF4B-00C04F79EFBC}") = "ConsoleServer", "ConsoleServer\ConsoleServer.csproj", "{A7B8B010-855A-4CCD-B9E9-7020692AAB10}"
EndProject
Project("{FAE04EC0-301F-11D3-BF4B-00C04F79EFBC}") = "ConsoleClient", "ConsoleClient\ConsoleClient.csproj", "{37FF34A5-D4FC-4AA5-83CA-802ED748F1F2}"
EndProject
Project("{FAE04EC0-301F-11D3-BF4B-00C04F79EFBC}") = "ConsoleClient2", "ConsoleClient2\ConsoleClient2.csproj", "{E13A54B3-9464-482F-A964-DD0F59F5D34F}"
EndProject
Global
	GlobalSection(SolutionConfigurationPlatforms) = preSolution
		Debug|Any CPU = Debug|Any CPU
		Release|Any CPU = Release|Any CPU
	EndGlobalSection
	GlobalSection(ProjectConfigurationPlatforms) = postSolution
		{A7B8B010-855A-4CCD-B9E9-7020692AAB10}.Debug|Any CPU.ActiveCfg = Debug|Any CPU
		{A7B8B010-855A-4CCD-B9E9-7020692AAB10}.Debug|Any CPU.Build.0 = Debug|Any CPU
		{A7B8B010-855A-4CCD-B9E9-7020692AAB10}.Release|Any CPU.ActiveCfg = Release|Any CPU
		{A7B8B010-855A-4CCD-B9E9-7020692AAB10}.Release|Any CPU.Build.0 = Release|Any CPU
		{37FF34A5-D4FC-4AA5-83CA-802ED748F1F2}.Debug|Any CPU.ActiveCfg = Debug|Any CPU
		{37FF34A5-D4FC-4AA5-83CA-802ED748F1F2}.Debug|Any CPU.Build.0 = Debug|Any CPU
		{37FF34A5-D4FC-4AA5-83CA-802ED748F1F2}.Release|Any CPU.ActiveCfg = Release|Any CPU
		{37FF34A5-D4FC-4AA5-83CA-802ED748F1F2}.Release|Any CPU.Build.0 = Release|Any CPU
		{E13A54B3-9464-482F-A964-DD0F59F5D34F}.Debug|Any CPU.ActiveCfg = Debug|Any CPU
		{E13A54B3-9464-482F-A964-DD0F59F5D34F}.Debug|Any CPU.Build.0 = Debug|Any CPU
		{E13A54B3-9464-482F-A964-DD0F59F5D34F}.Release|Any CPU.ActiveCfg = Release|Any CPU
		{E13A54B3-9464-482F-A964-DD0F59F5D34F}.Release|Any CPU.Build.0 = Release|Any CPU
	EndGlobalSection
	GlobalSection(SolutionProperties) = preSolution
		HideSolutionNode = FALSE
	EndGlobalSection
	GlobalSection(ExtensibilityGlobals) = postSolution
		SolutionGuid = {5B4A5549-508A-4395-B798-F447BE077AEE}
	EndGlobalSection
EndGlobal
